
Microsoft Visual Studio Solution File, Format Version 12.00
# Visual Studio Version 16
VisualStudioVersion = 16.0.30114.105
MinimumVisualStudioVersion = 10.0.40219.1
Project("{2150E333-8FDC-42A3-9474-1A3956D46DE8}") = "src", "src", "{65B469ED-19AA-4451-A558-0648CBF3572D}"
EndProject
Project("{2150E333-8FDC-42A3-9474-1A3956D46DE8}") = "BuildingBlocks", "BuildingBlocks", "{0D4B55F1-D0A6-4577-BEB6-F3703158406B}"
EndProject
Project("{FAE04EC0-301F-11D3-BF4B-00C04F79EFBC}") = "ISE.Core", "src\BuildingBlocks\ISE.Core\ISE.Core.csproj", "{32E01613-8645-4D62-A25B-5E0371F2B477}"
EndProject
Project("{FAE04EC0-301F-11D3-BF4B-00C04F79EFBC}") = "ISE.WebApi.Core", "src\BuildingBlocks\ISE.WebApi.Core\ISE.WebApi.Core.csproj", "{BF75AA13-D1AF-406E-9B97-940C8CA5B903}"
EndProject
Project("{2150E333-8FDC-42A3-9474-1A3956D46DE8}") = "Services", "Services", "{D14C1129-81B7-4428-BE88-C268E6CED9C4}"
EndProject
Project("{FAE04EC0-301F-11D3-BF4B-00C04F79EFBC}") = "ISE.Cliente.API", "src\Services\ISE.Cliente.API\ISE.Cliente.API.csproj", "{88BBEA7B-DF5A-4DE1-901E-D4FC26EECC5E}"
EndProject
Project("{FAE04EC0-301F-11D3-BF4B-00C04F79EFBC}") = "ISE.Catalogo.API", "src\Services\ISE.Catalogo.API\ISE.Catalogo.API.csproj", "{17D83E07-50C1-406A-925E-3DBC2A50257F}"
EndProject
Project("{FAE04EC0-301F-11D3-BF4B-00C04F79EFBC}") = "ISE.Identidade.API", "src\Services\ISE.Identidade.API\ISE.Identidade.API.csproj", "{5A790032-7909-4219-8E36-E81CE37E7919}"
EndProject
Project("{FAE04EC0-301F-11D3-BF4B-00C04F79EFBC}") = "ISE.MessageBus", "src\BuildingBlocks\ISE.MessageBus\ISE.MessageBus\ISE.MessageBus.csproj", "{CCF9038C-E1CB-4570-9EF2-742B1B90E74F}"
EndProject
Project("{FAE04EC0-301F-11D3-BF4B-00C04F79EFBC}") = "ISE.Carrinho.API", "src\Services\ISE.Carrinho.API\ISE.Carrinho.API.csproj", "{3AE0F5F4-218A-4ABE-B6BB-3AC1F1A542E8}"
EndProject
Project("{2150E333-8FDC-42A3-9474-1A3956D46DE8}") = "ApiGateway", "ApiGateway", "{C6525F28-F0E7-4FC4-A0AB-7E4D1A8F1E35}"
EndProject
Project("{2150E333-8FDC-42A3-9474-1A3956D46DE8}") = "Compras", "Compras", "{1A228394-6FE4-4926-ABF7-064D9847C775}"
EndProject
Project("{FAE04EC0-301F-11D3-BF4B-00C04F79EFBC}") = "ISE.Bff.Compras", "src\ApiGateway\Compras\ISE.Bff.Compras\ISE.Bff.Compras.csproj", "{3651BB49-1DBF-412F-A29B-73A428071B65}"
EndProject
Project("{FAE04EC0-301F-11D3-BF4B-00C04F79EFBC}") = "ISE.Pedido.API", "src\Services\ISE.Pedido.API\ISE.Pedido.API.csproj", "{6BD50A70-17A4-4B1B-BEF6-E48CE8766378}"
EndProject
Project("{FAE04EC0-301F-11D3-BF4B-00C04F79EFBC}") = "ISE.Pagamento.API", "src\Services\ISE.Pagamento.API\ISE.Pagamento.API.csproj", "{87297215-FF78-463A-BB5D-7A2B87C72962}"
EndProject
Project("{FAE04EC0-301F-11D3-BF4B-00C04F79EFBC}") = "ISE.Pedido.Domain", "src\Services\ISE.Pedido.Domain\ISE.Pedido.Domain.csproj", "{153801C6-CA7D-4919-8497-D45F453015D1}"
EndProject
Project("{FAE04EC0-301F-11D3-BF4B-00C04F79EFBC}") = "ISE.Pedido.Infra", "src\Services\ISE.Pedido.Infra\ISE.Pedido.Infra.csproj", "{2E0B5DC3-094D-4AF2-B7C3-58EFE7D619F6}"
EndProject
Global
	GlobalSection(SolutionConfigurationPlatforms) = preSolution
		Debug|Any CPU = Debug|Any CPU
		Debug|x64 = Debug|x64
		Debug|x86 = Debug|x86
		Release|Any CPU = Release|Any CPU
		Release|x64 = Release|x64
		Release|x86 = Release|x86
	EndGlobalSection
	GlobalSection(SolutionProperties) = preSolution
		HideSolutionNode = FALSE
	EndGlobalSection
	GlobalSection(ProjectConfigurationPlatforms) = postSolution
		{32E01613-8645-4D62-A25B-5E0371F2B477}.Debug|Any CPU.ActiveCfg = Debug|Any CPU
		{32E01613-8645-4D62-A25B-5E0371F2B477}.Debug|Any CPU.Build.0 = Debug|Any CPU
		{32E01613-8645-4D62-A25B-5E0371F2B477}.Debug|x64.ActiveCfg = Debug|Any CPU
		{32E01613-8645-4D62-A25B-5E0371F2B477}.Debug|x64.Build.0 = Debug|Any CPU
		{32E01613-8645-4D62-A25B-5E0371F2B477}.Debug|x86.ActiveCfg = Debug|Any CPU
		{32E01613-8645-4D62-A25B-5E0371F2B477}.Debug|x86.Build.0 = Debug|Any CPU
		{32E01613-8645-4D62-A25B-5E0371F2B477}.Release|Any CPU.ActiveCfg = Release|Any CPU
		{32E01613-8645-4D62-A25B-5E0371F2B477}.Release|Any CPU.Build.0 = Release|Any CPU
		{32E01613-8645-4D62-A25B-5E0371F2B477}.Release|x64.ActiveCfg = Release|Any CPU
		{32E01613-8645-4D62-A25B-5E0371F2B477}.Release|x64.Build.0 = Release|Any CPU
		{32E01613-8645-4D62-A25B-5E0371F2B477}.Release|x86.ActiveCfg = Release|Any CPU
		{32E01613-8645-4D62-A25B-5E0371F2B477}.Release|x86.Build.0 = Release|Any CPU
		{BF75AA13-D1AF-406E-9B97-940C8CA5B903}.Debug|Any CPU.ActiveCfg = Debug|Any CPU
		{BF75AA13-D1AF-406E-9B97-940C8CA5B903}.Debug|Any CPU.Build.0 = Debug|Any CPU
		{BF75AA13-D1AF-406E-9B97-940C8CA5B903}.Debug|x64.ActiveCfg = Debug|Any CPU
		{BF75AA13-D1AF-406E-9B97-940C8CA5B903}.Debug|x64.Build.0 = Debug|Any CPU
		{BF75AA13-D1AF-406E-9B97-940C8CA5B903}.Debug|x86.ActiveCfg = Debug|Any CPU
		{BF75AA13-D1AF-406E-9B97-940C8CA5B903}.Debug|x86.Build.0 = Debug|Any CPU
		{BF75AA13-D1AF-406E-9B97-940C8CA5B903}.Release|Any CPU.ActiveCfg = Release|Any CPU
		{BF75AA13-D1AF-406E-9B97-940C8CA5B903}.Release|Any CPU.Build.0 = Release|Any CPU
		{BF75AA13-D1AF-406E-9B97-940C8CA5B903}.Release|x64.ActiveCfg = Release|Any CPU
		{BF75AA13-D1AF-406E-9B97-940C8CA5B903}.Release|x64.Build.0 = Release|Any CPU
		{BF75AA13-D1AF-406E-9B97-940C8CA5B903}.Release|x86.ActiveCfg = Release|Any CPU
		{BF75AA13-D1AF-406E-9B97-940C8CA5B903}.Release|x86.Build.0 = Release|Any CPU
		{88BBEA7B-DF5A-4DE1-901E-D4FC26EECC5E}.Debug|Any CPU.ActiveCfg = Debug|Any CPU
		{88BBEA7B-DF5A-4DE1-901E-D4FC26EECC5E}.Debug|Any CPU.Build.0 = Debug|Any CPU
		{88BBEA7B-DF5A-4DE1-901E-D4FC26EECC5E}.Debug|x64.ActiveCfg = Debug|Any CPU
		{88BBEA7B-DF5A-4DE1-901E-D4FC26EECC5E}.Debug|x64.Build.0 = Debug|Any CPU
		{88BBEA7B-DF5A-4DE1-901E-D4FC26EECC5E}.Debug|x86.ActiveCfg = Debug|Any CPU
		{88BBEA7B-DF5A-4DE1-901E-D4FC26EECC5E}.Debug|x86.Build.0 = Debug|Any CPU
		{88BBEA7B-DF5A-4DE1-901E-D4FC26EECC5E}.Release|Any CPU.ActiveCfg = Release|Any CPU
		{88BBEA7B-DF5A-4DE1-901E-D4FC26EECC5E}.Release|Any CPU.Build.0 = Release|Any CPU
		{88BBEA7B-DF5A-4DE1-901E-D4FC26EECC5E}.Release|x64.ActiveCfg = Release|Any CPU
		{88BBEA7B-DF5A-4DE1-901E-D4FC26EECC5E}.Release|x64.Build.0 = Release|Any CPU
		{88BBEA7B-DF5A-4DE1-901E-D4FC26EECC5E}.Release|x86.ActiveCfg = Release|Any CPU
		{88BBEA7B-DF5A-4DE1-901E-D4FC26EECC5E}.Release|x86.Build.0 = Release|Any CPU
		{17D83E07-50C1-406A-925E-3DBC2A50257F}.Debug|Any CPU.ActiveCfg = Debug|Any CPU
		{17D83E07-50C1-406A-925E-3DBC2A50257F}.Debug|Any CPU.Build.0 = Debug|Any CPU
		{17D83E07-50C1-406A-925E-3DBC2A50257F}.Debug|x64.ActiveCfg = Debug|Any CPU
		{17D83E07-50C1-406A-925E-3DBC2A50257F}.Debug|x64.Build.0 = Debug|Any CPU
		{17D83E07-50C1-406A-925E-3DBC2A50257F}.Debug|x86.ActiveCfg = Debug|Any CPU
		{17D83E07-50C1-406A-925E-3DBC2A50257F}.Debug|x86.Build.0 = Debug|Any CPU
		{17D83E07-50C1-406A-925E-3DBC2A50257F}.Release|Any CPU.ActiveCfg = Release|Any CPU
		{17D83E07-50C1-406A-925E-3DBC2A50257F}.Release|Any CPU.Build.0 = Release|Any CPU
		{17D83E07-50C1-406A-925E-3DBC2A50257F}.Release|x64.ActiveCfg = Release|Any CPU
		{17D83E07-50C1-406A-925E-3DBC2A50257F}.Release|x64.Build.0 = Release|Any CPU
		{17D83E07-50C1-406A-925E-3DBC2A50257F}.Release|x86.ActiveCfg = Release|Any CPU
		{17D83E07-50C1-406A-925E-3DBC2A50257F}.Release|x86.Build.0 = Release|Any CPU
		{5A790032-7909-4219-8E36-E81CE37E7919}.Debug|Any CPU.ActiveCfg = Debug|Any CPU
		{5A790032-7909-4219-8E36-E81CE37E7919}.Debug|Any CPU.Build.0 = Debug|Any CPU
		{5A790032-7909-4219-8E36-E81CE37E7919}.Debug|x64.ActiveCfg = Debug|Any CPU
		{5A790032-7909-4219-8E36-E81CE37E7919}.Debug|x64.Build.0 = Debug|Any CPU
		{5A790032-7909-4219-8E36-E81CE37E7919}.Debug|x86.ActiveCfg = Debug|Any CPU
		{5A790032-7909-4219-8E36-E81CE37E7919}.Debug|x86.Build.0 = Debug|Any CPU
		{5A790032-7909-4219-8E36-E81CE37E7919}.Release|Any CPU.ActiveCfg = Release|Any CPU
		{5A790032-7909-4219-8E36-E81CE37E7919}.Release|Any CPU.Build.0 = Release|Any CPU
		{5A790032-7909-4219-8E36-E81CE37E7919}.Release|x64.ActiveCfg = Release|Any CPU
		{5A790032-7909-4219-8E36-E81CE37E7919}.Release|x64.Build.0 = Release|Any CPU
		{5A790032-7909-4219-8E36-E81CE37E7919}.Release|x86.ActiveCfg = Release|Any CPU
		{5A790032-7909-4219-8E36-E81CE37E7919}.Release|x86.Build.0 = Release|Any CPU
		{CCF9038C-E1CB-4570-9EF2-742B1B90E74F}.Debug|Any CPU.ActiveCfg = Debug|Any CPU
		{CCF9038C-E1CB-4570-9EF2-742B1B90E74F}.Debug|Any CPU.Build.0 = Debug|Any CPU
		{CCF9038C-E1CB-4570-9EF2-742B1B90E74F}.Debug|x64.ActiveCfg = Debug|Any CPU
		{CCF9038C-E1CB-4570-9EF2-742B1B90E74F}.Debug|x64.Build.0 = Debug|Any CPU
		{CCF9038C-E1CB-4570-9EF2-742B1B90E74F}.Debug|x86.ActiveCfg = Debug|Any CPU
		{CCF9038C-E1CB-4570-9EF2-742B1B90E74F}.Debug|x86.Build.0 = Debug|Any CPU
		{CCF9038C-E1CB-4570-9EF2-742B1B90E74F}.Release|Any CPU.ActiveCfg = Release|Any CPU
		{CCF9038C-E1CB-4570-9EF2-742B1B90E74F}.Release|Any CPU.Build.0 = Release|Any CPU
		{CCF9038C-E1CB-4570-9EF2-742B1B90E74F}.Release|x64.ActiveCfg = Release|Any CPU
		{CCF9038C-E1CB-4570-9EF2-742B1B90E74F}.Release|x64.Build.0 = Release|Any CPU
		{CCF9038C-E1CB-4570-9EF2-742B1B90E74F}.Release|x86.ActiveCfg = Release|Any CPU
		{CCF9038C-E1CB-4570-9EF2-742B1B90E74F}.Release|x86.Build.0 = Release|Any CPU
		{3AE0F5F4-218A-4ABE-B6BB-3AC1F1A542E8}.Debug|Any CPU.ActiveCfg = Debug|Any CPU
		{3AE0F5F4-218A-4ABE-B6BB-3AC1F1A542E8}.Debug|Any CPU.Build.0 = Debug|Any CPU
		{3AE0F5F4-218A-4ABE-B6BB-3AC1F1A542E8}.Debug|x64.ActiveCfg = Debug|Any CPU
		{3AE0F5F4-218A-4ABE-B6BB-3AC1F1A542E8}.Debug|x64.Build.0 = Debug|Any CPU
		{3AE0F5F4-218A-4ABE-B6BB-3AC1F1A542E8}.Debug|x86.ActiveCfg = Debug|Any CPU
		{3AE0F5F4-218A-4ABE-B6BB-3AC1F1A542E8}.Debug|x86.Build.0 = Debug|Any CPU
		{3AE0F5F4-218A-4ABE-B6BB-3AC1F1A542E8}.Release|Any CPU.ActiveCfg = Release|Any CPU
		{3AE0F5F4-218A-4ABE-B6BB-3AC1F1A542E8}.Release|Any CPU.Build.0 = Release|Any CPU
		{3AE0F5F4-218A-4ABE-B6BB-3AC1F1A542E8}.Release|x64.ActiveCfg = Release|Any CPU
		{3AE0F5F4-218A-4ABE-B6BB-3AC1F1A542E8}.Release|x64.Build.0 = Release|Any CPU
		{3AE0F5F4-218A-4ABE-B6BB-3AC1F1A542E8}.Release|x86.ActiveCfg = Release|Any CPU
		{3AE0F5F4-218A-4ABE-B6BB-3AC1F1A542E8}.Release|x86.Build.0 = Release|Any CPU
		{3651BB49-1DBF-412F-A29B-73A428071B65}.Debug|Any CPU.ActiveCfg = Debug|Any CPU
		{3651BB49-1DBF-412F-A29B-73A428071B65}.Debug|Any CPU.Build.0 = Debug|Any CPU
		{3651BB49-1DBF-412F-A29B-73A428071B65}.Debug|x64.ActiveCfg = Debug|Any CPU
		{3651BB49-1DBF-412F-A29B-73A428071B65}.Debug|x64.Build.0 = Debug|Any CPU
		{3651BB49-1DBF-412F-A29B-73A428071B65}.Debug|x86.ActiveCfg = Debug|Any CPU
		{3651BB49-1DBF-412F-A29B-73A428071B65}.Debug|x86.Build.0 = Debug|Any CPU
		{3651BB49-1DBF-412F-A29B-73A428071B65}.Release|Any CPU.ActiveCfg = Release|Any CPU
		{3651BB49-1DBF-412F-A29B-73A428071B65}.Release|Any CPU.Build.0 = Release|Any CPU
		{3651BB49-1DBF-412F-A29B-73A428071B65}.Release|x64.ActiveCfg = Release|Any CPU
		{3651BB49-1DBF-412F-A29B-73A428071B65}.Release|x64.Build.0 = Release|Any CPU
		{3651BB49-1DBF-412F-A29B-73A428071B65}.Release|x86.ActiveCfg = Release|Any CPU
		{3651BB49-1DBF-412F-A29B-73A428071B65}.Release|x86.Build.0 = Release|Any CPU
		{6BD50A70-17A4-4B1B-BEF6-E48CE8766378}.Debug|Any CPU.ActiveCfg = Debug|Any CPU
		{6BD50A70-17A4-4B1B-BEF6-E48CE8766378}.Debug|Any CPU.Build.0 = Debug|Any CPU
		{6BD50A70-17A4-4B1B-BEF6-E48CE8766378}.Debug|x64.ActiveCfg = Debug|Any CPU
		{6BD50A70-17A4-4B1B-BEF6-E48CE8766378}.Debug|x64.Build.0 = Debug|Any CPU
		{6BD50A70-17A4-4B1B-BEF6-E48CE8766378}.Debug|x86.ActiveCfg = Debug|Any CPU
		{6BD50A70-17A4-4B1B-BEF6-E48CE8766378}.Debug|x86.Build.0 = Debug|Any CPU
		{6BD50A70-17A4-4B1B-BEF6-E48CE8766378}.Release|Any CPU.ActiveCfg = Release|Any CPU
		{6BD50A70-17A4-4B1B-BEF6-E48CE8766378}.Release|Any CPU.Build.0 = Release|Any CPU
		{6BD50A70-17A4-4B1B-BEF6-E48CE8766378}.Release|x64.ActiveCfg = Release|Any CPU
		{6BD50A70-17A4-4B1B-BEF6-E48CE8766378}.Release|x64.Build.0 = Release|Any CPU
		{6BD50A70-17A4-4B1B-BEF6-E48CE8766378}.Release|x86.ActiveCfg = Release|Any CPU
		{6BD50A70-17A4-4B1B-BEF6-E48CE8766378}.Release|x86.Build.0 = Release|Any CPU
		{87297215-FF78-463A-BB5D-7A2B87C72962}.Debug|Any CPU.ActiveCfg = Debug|Any CPU
		{87297215-FF78-463A-BB5D-7A2B87C72962}.Debug|Any CPU.Build.0 = Debug|Any CPU
		{87297215-FF78-463A-BB5D-7A2B87C72962}.Debug|x64.ActiveCfg = Debug|Any CPU
		{87297215-FF78-463A-BB5D-7A2B87C72962}.Debug|x64.Build.0 = Debug|Any CPU
		{87297215-FF78-463A-BB5D-7A2B87C72962}.Debug|x86.ActiveCfg = Debug|Any CPU
		{87297215-FF78-463A-BB5D-7A2B87C72962}.Debug|x86.Build.0 = Debug|Any CPU
		{87297215-FF78-463A-BB5D-7A2B87C72962}.Release|Any CPU.ActiveCfg = Release|Any CPU
		{87297215-FF78-463A-BB5D-7A2B87C72962}.Release|Any CPU.Build.0 = Release|Any CPU
		{87297215-FF78-463A-BB5D-7A2B87C72962}.Release|x64.ActiveCfg = Release|Any CPU
		{87297215-FF78-463A-BB5D-7A2B87C72962}.Release|x64.Build.0 = Release|Any CPU
		{87297215-FF78-463A-BB5D-7A2B87C72962}.Release|x86.ActiveCfg = Release|Any CPU
		{87297215-FF78-463A-BB5D-7A2B87C72962}.Release|x86.Build.0 = Release|Any CPU
		{153801C6-CA7D-4919-8497-D45F453015D1}.Debug|Any CPU.ActiveCfg = Debug|Any CPU
		{153801C6-CA7D-4919-8497-D45F453015D1}.Debug|Any CPU.Build.0 = Debug|Any CPU
		{153801C6-CA7D-4919-8497-D45F453015D1}.Debug|x64.ActiveCfg = Debug|Any CPU
		{153801C6-CA7D-4919-8497-D45F453015D1}.Debug|x64.Build.0 = Debug|Any CPU
		{153801C6-CA7D-4919-8497-D45F453015D1}.Debug|x86.ActiveCfg = Debug|Any CPU
		{153801C6-CA7D-4919-8497-D45F453015D1}.Debug|x86.Build.0 = Debug|Any CPU
		{153801C6-CA7D-4919-8497-D45F453015D1}.Release|Any CPU.ActiveCfg = Release|Any CPU
		{153801C6-CA7D-4919-8497-D45F453015D1}.Release|Any CPU.Build.0 = Release|Any CPU
		{153801C6-CA7D-4919-8497-D45F453015D1}.Release|x64.ActiveCfg = Release|Any CPU
		{153801C6-CA7D-4919-8497-D45F453015D1}.Release|x64.Build.0 = Release|Any CPU
		{153801C6-CA7D-4919-8497-D45F453015D1}.Release|x86.ActiveCfg = Release|Any CPU
		{153801C6-CA7D-4919-8497-D45F453015D1}.Release|x86.Build.0 = Release|Any CPU
		{2E0B5DC3-094D-4AF2-B7C3-58EFE7D619F6}.Debug|Any CPU.ActiveCfg = Debug|Any CPU
		{2E0B5DC3-094D-4AF2-B7C3-58EFE7D619F6}.Debug|Any CPU.Build.0 = Debug|Any CPU
		{2E0B5DC3-094D-4AF2-B7C3-58EFE7D619F6}.Debug|x64.ActiveCfg = Debug|Any CPU
		{2E0B5DC3-094D-4AF2-B7C3-58EFE7D619F6}.Debug|x64.Build.0 = Debug|Any CPU
		{2E0B5DC3-094D-4AF2-B7C3-58EFE7D619F6}.Debug|x86.ActiveCfg = Debug|Any CPU
		{2E0B5DC3-094D-4AF2-B7C3-58EFE7D619F6}.Debug|x86.Build.0 = Debug|Any CPU
		{2E0B5DC3-094D-4AF2-B7C3-58EFE7D619F6}.Release|Any CPU.ActiveCfg = Release|Any CPU
		{2E0B5DC3-094D-4AF2-B7C3-58EFE7D619F6}.Release|Any CPU.Build.0 = Release|Any CPU
		{2E0B5DC3-094D-4AF2-B7C3-58EFE7D619F6}.Release|x64.ActiveCfg = Release|Any CPU
		{2E0B5DC3-094D-4AF2-B7C3-58EFE7D619F6}.Release|x64.Build.0 = Release|Any CPU
		{2E0B5DC3-094D-4AF2-B7C3-58EFE7D619F6}.Release|x86.ActiveCfg = Release|Any CPU
		{2E0B5DC3-094D-4AF2-B7C3-58EFE7D619F6}.Release|x86.Build.0 = Release|Any CPU
	EndGlobalSection
	GlobalSection(NestedProjects) = preSolution
		{0D4B55F1-D0A6-4577-BEB6-F3703158406B} = {65B469ED-19AA-4451-A558-0648CBF3572D}
		{32E01613-8645-4D62-A25B-5E0371F2B477} = {0D4B55F1-D0A6-4577-BEB6-F3703158406B}
		{BF75AA13-D1AF-406E-9B97-940C8CA5B903} = {0D4B55F1-D0A6-4577-BEB6-F3703158406B}
		{D14C1129-81B7-4428-BE88-C268E6CED9C4} = {65B469ED-19AA-4451-A558-0648CBF3572D}
		{88BBEA7B-DF5A-4DE1-901E-D4FC26EECC5E} = {D14C1129-81B7-4428-BE88-C268E6CED9C4}
		{17D83E07-50C1-406A-925E-3DBC2A50257F} = {D14C1129-81B7-4428-BE88-C268E6CED9C4}
		{5A790032-7909-4219-8E36-E81CE37E7919} = {D14C1129-81B7-4428-BE88-C268E6CED9C4}
		{CCF9038C-E1CB-4570-9EF2-742B1B90E74F} = {0D4B55F1-D0A6-4577-BEB6-F3703158406B}
		{3AE0F5F4-218A-4ABE-B6BB-3AC1F1A542E8} = {D14C1129-81B7-4428-BE88-C268E6CED9C4}
		{C6525F28-F0E7-4FC4-A0AB-7E4D1A8F1E35} = {65B469ED-19AA-4451-A558-0648CBF3572D}
		{1A228394-6FE4-4926-ABF7-064D9847C775} = {C6525F28-F0E7-4FC4-A0AB-7E4D1A8F1E35}
		{3651BB49-1DBF-412F-A29B-73A428071B65} = {1A228394-6FE4-4926-ABF7-064D9847C775}
		{6BD50A70-17A4-4B1B-BEF6-E48CE8766378} = {D14C1129-81B7-4428-BE88-C268E6CED9C4}
		{87297215-FF78-463A-BB5D-7A2B87C72962} = {D14C1129-81B7-4428-BE88-C268E6CED9C4}
		{153801C6-CA7D-4919-8497-D45F453015D1} = {D14C1129-81B7-4428-BE88-C268E6CED9C4}
		{2E0B5DC3-094D-4AF2-B7C3-58EFE7D619F6} = {D14C1129-81B7-4428-BE88-C268E6CED9C4}
	EndGlobalSection
EndGlobal
